// !$*UTF8*$!
{
	archiveVersion = 1;
	classes = {
	};
	objectVersion = 50;
	objects = {

/* Begin PBXBuildFile section */
		C51EBC4826CB4C630011E8B5 /* AppDelegate.swift in Sources */ = {isa = PBXBuildFile; fileRef = C51EBC4726CB4C630011E8B5 /* AppDelegate.swift */; };
		C51EBC4A26CB4C630011E8B5 /* SceneDelegate.swift in Sources */ = {isa = PBXBuildFile; fileRef = C51EBC4926CB4C630011E8B5 /* SceneDelegate.swift */; };
		C51EBC4F26CB4C630011E8B5 /* Main.storyboard in Resources */ = {isa = PBXBuildFile; fileRef = C51EBC4D26CB4C630011E8B5 /* Main.storyboard */; };
		C51EBC5126CB4C670011E8B5 /* Assets.xcassets in Resources */ = {isa = PBXBuildFile; fileRef = C51EBC5026CB4C670011E8B5 /* Assets.xcassets */; };
		C51EBC5426CB4C670011E8B5 /* LaunchScreen.storyboard in Resources */ = {isa = PBXBuildFile; fileRef = C51EBC5226CB4C670011E8B5 /* LaunchScreen.storyboard */; };
		C51EBC5C26CB523D0011E8B5 /* Meal.swift in Sources */ = {isa = PBXBuildFile; fileRef = C51EBC5B26CB523D0011E8B5 /* Meal.swift */; };
		C51EBC5E26CB524E0011E8B5 /* ModelController.swift in Sources */ = {isa = PBXBuildFile; fileRef = C51EBC5D26CB524E0011E8B5 /* ModelController.swift */; };
		C51EBC6826CB56340011E8B5 /* FreeMeals.xcdatamodeld in Sources */ = {isa = PBXBuildFile; fileRef = C51EBC6626CB56340011E8B5 /* FreeMeals.xcdatamodeld */; };
		C51EBC6B26CB56690011E8B5 /* CoreDataStack.swift in Sources */ = {isa = PBXBuildFile; fileRef = C51EBC6A26CB56690011E8B5 /* CoreDataStack.swift */; };
		C51EBC6E26CB56AD0011E8B5 /* Meal+Convenience.swift in Sources */ = {isa = PBXBuildFile; fileRef = C51EBC6D26CB56AD0011E8B5 /* Meal+Convenience.swift */; };
/* End PBXBuildFile section */

/* Begin PBXFileReference section */
		C51EBC4426CB4C630011E8B5 /* FreeMeals.app */ = {isa = PBXFileReference; explicitFileType = wrapper.application; includeInIndex = 0; path = FreeMeals.app; sourceTree = BUILT_PRODUCTS_DIR; };
		C51EBC4726CB4C630011E8B5 /* AppDelegate.swift */ = {isa = PBXFileReference; lastKnownFileType = sourcecode.swift; path = AppDelegate.swift; sourceTree = "<group>"; };
		C51EBC4926CB4C630011E8B5 /* SceneDelegate.swift */ = {isa = PBXFileReference; lastKnownFileType = sourcecode.swift; path = SceneDelegate.swift; sourceTree = "<group>"; };
		C51EBC4E26CB4C630011E8B5 /* Base */ = {isa = PBXFileReference; lastKnownFileType = file.storyboard; name = Base; path = Base.lproj/Main.storyboard; sourceTree = "<group>"; };
		C51EBC5026CB4C670011E8B5 /* Assets.xcassets */ = {isa = PBXFileReference; lastKnownFileType = folder.assetcatalog; path = Assets.xcassets; sourceTree = "<group>"; };
		C51EBC5326CB4C670011E8B5 /* Base */ = {isa = PBXFileReference; lastKnownFileType = file.storyboard; name = Base; path = Base.lproj/LaunchScreen.storyboard; sourceTree = "<group>"; };
		C51EBC5526CB4C670011E8B5 /* Info.plist */ = {isa = PBXFileReference; lastKnownFileType = text.plist.xml; path = Info.plist; sourceTree = "<group>"; };
		C51EBC5B26CB523D0011E8B5 /* Meal.swift */ = {isa = PBXFileReference; lastKnownFileType = sourcecode.swift; path = Meal.swift; sourceTree = "<group>"; };
		C51EBC5D26CB524E0011E8B5 /* ModelController.swift */ = {isa = PBXFileReference; lastKnownFileType = sourcecode.swift; path = ModelController.swift; sourceTree = "<group>"; };
		C51EBC6726CB56340011E8B5 /* FreeMeals.xcdatamodel */ = {isa = PBXFileReference; lastKnownFileType = wrapper.xcdatamodel; path = FreeMeals.xcdatamodel; sourceTree = "<group>"; };
		C51EBC6A26CB56690011E8B5 /* CoreDataStack.swift */ = {isa = PBXFileReference; lastKnownFileType = sourcecode.swift; path = CoreDataStack.swift; sourceTree = "<group>"; };
		C51EBC6D26CB56AD0011E8B5 /* Meal+Convenience.swift */ = {isa = PBXFileReference; lastKnownFileType = sourcecode.swift; path = "Meal+Convenience.swift"; sourceTree = "<group>"; };
/* End PBXFileReference section */

/* Begin PBXFrameworksBuildPhase section */
		C51EBC4126CB4C630011E8B5 /* Frameworks */ = {
			isa = PBXFrameworksBuildPhase;
			buildActionMask = 2147483647;
			files = (
			);
			runOnlyForDeploymentPostprocessing = 0;
		};
/* End PBXFrameworksBuildPhase section */

/* Begin PBXGroup section */
		C51EBC3B26CB4C630011E8B5 = {
			isa = PBXGroup;
			children = (
				C51EBC4626CB4C630011E8B5 /* FreeMeals */,
				C51EBC4526CB4C630011E8B5 /* Products */,
			);
			sourceTree = "<group>";
		};
		C51EBC4526CB4C630011E8B5 /* Products */ = {
			isa = PBXGroup;
			children = (
				C51EBC4426CB4C630011E8B5 /* FreeMeals.app */,
			);
			name = Products;
			sourceTree = "<group>";
		};
		C51EBC4626CB4C630011E8B5 /* FreeMeals */ = {
			isa = PBXGroup;
			children = (
				C51EBC6026CB525C0011E8B5 /* Application */,
				C51EBC6226CB526B0011E8B5 /* Model */,
				C51EBC6326CB52700011E8B5 /* ModelController */,
				C51EBC6426CB52810011E8B5 /* Storyboards */,
				C51EBC6526CB53860011E8B5 /* Resources */,
			);
			path = FreeMeals;
			sourceTree = "<group>";
		};
		C51EBC6026CB525C0011E8B5 /* Application */ = {
			isa = PBXGroup;
			children = (
				C51EBC4726CB4C630011E8B5 /* AppDelegate.swift */,
				C51EBC4926CB4C630011E8B5 /* SceneDelegate.swift */,
			);
			path = Application;
			sourceTree = "<group>";
		};
		C51EBC6226CB526B0011E8B5 /* Model */ = {
			isa = PBXGroup;
			children = (
				C51EBC5B26CB523D0011E8B5 /* Meal.swift */,
				C51EBC6926CB563C0011E8B5 /* CoreData */,
			);
			path = Model;
			sourceTree = "<group>";
		};
		C51EBC6326CB52700011E8B5 /* ModelController */ = {
			isa = PBXGroup;
			children = (
				C51EBC5D26CB524E0011E8B5 /* ModelController.swift */,
			);
			path = ModelController;
			sourceTree = "<group>";
		};
		C51EBC6426CB52810011E8B5 /* Storyboards */ = {
			isa = PBXGroup;
			children = (
				C51EBC4D26CB4C630011E8B5 /* Main.storyboard */,
				C51EBC5226CB4C670011E8B5 /* LaunchScreen.storyboard */,
			);
			path = Storyboards;
			sourceTree = "<group>";
		};
		C51EBC6526CB53860011E8B5 /* Resources */ = {
			isa = PBXGroup;
			children = (
				C51EBC5026CB4C670011E8B5 /* Assets.xcassets */,
				C51EBC5526CB4C670011E8B5 /* Info.plist */,
			);
			path = Resources;
			sourceTree = "<group>";
		};
		C51EBC6926CB563C0011E8B5 /* CoreData */ = {
			isa = PBXGroup;
			children = (
				C51EBC6626CB56340011E8B5 /* FreeMeals.xcdatamodeld */,
				C51EBC6A26CB56690011E8B5 /* CoreDataStack.swift */,
				C51EBC6D26CB56AD0011E8B5 /* Meal+Convenience.swift */,
			);
			path = CoreData;
			sourceTree = "<group>";
		};
/* End PBXGroup section */

/* Begin PBXNativeTarget section */
		C51EBC4326CB4C630011E8B5 /* FreeMeals */ = {
			isa = PBXNativeTarget;
			buildConfigurationList = C51EBC5826CB4C670011E8B5 /* Build configuration list for PBXNativeTarget "FreeMeals" */;
			buildPhases = (
				C51EBC4026CB4C630011E8B5 /* Sources */,
				C51EBC4126CB4C630011E8B5 /* Frameworks */,
				C51EBC4226CB4C630011E8B5 /* Resources */,
			);
			buildRules = (
			);
			dependencies = (
			);
			name = FreeMeals;
			productName = FreeMeals;
			productReference = C51EBC4426CB4C630011E8B5 /* FreeMeals.app */;
			productType = "com.apple.product-type.application";
		};
/* End PBXNativeTarget section */

/* Begin PBXProject section */
		C51EBC3C26CB4C630011E8B5 /* Project object */ = {
			isa = PBXProject;
			attributes = {
				LastSwiftUpdateCheck = 1250;
				LastUpgradeCheck = 1250;
				TargetAttributes = {
					C51EBC4326CB4C630011E8B5 = {
						CreatedOnToolsVersion = 12.5;
					};
				};
			};
			buildConfigurationList = C51EBC3F26CB4C630011E8B5 /* Build configuration list for PBXProject "FreeMeals" */;
			compatibilityVersion = "Xcode 9.3";
			developmentRegion = en;
			hasScannedForEncodings = 0;
			knownRegions = (
				en,
				Base,
			);
			mainGroup = C51EBC3B26CB4C630011E8B5;
			productRefGroup = C51EBC4526CB4C630011E8B5 /* Products */;
			projectDirPath = "";
			projectRoot = "";
			targets = (
				C51EBC4326CB4C630011E8B5 /* FreeMeals */,
			);
		};
/* End PBXProject section */

/* Begin PBXResourcesBuildPhase section */
		C51EBC4226CB4C630011E8B5 /* Resources */ = {
			isa = PBXResourcesBuildPhase;
			buildActionMask = 2147483647;
			files = (
				C51EBC5426CB4C670011E8B5 /* LaunchScreen.storyboard in Resources */,
				C51EBC5126CB4C670011E8B5 /* Assets.xcassets in Resources */,
				C51EBC4F26CB4C630011E8B5 /* Main.storyboard in Resources */,
			);
			runOnlyForDeploymentPostprocessing = 0;
		};
/* End PBXResourcesBuildPhase section */

/* Begin PBXSourcesBuildPhase section */
		C51EBC4026CB4C630011E8B5 /* Sources */ = {
			isa = PBXSourcesBuildPhase;
			buildActionMask = 2147483647;
			files = (
				C51EBC4826CB4C630011E8B5 /* AppDelegate.swift in Sources */,
				C51EBC6E26CB56AD0011E8B5 /* Meal+Convenience.swift in Sources */,
				C51EBC5E26CB524E0011E8B5 /* ModelController.swift in Sources */,
				C51EBC6826CB56340011E8B5 /* FreeMeals.xcdatamodeld in Sources */,
				C51EBC6B26CB56690011E8B5 /* CoreDataStack.swift in Sources */,
				C51EBC5C26CB523D0011E8B5 /* Meal.swift in Sources */,
				C51EBC4A26CB4C630011E8B5 /* SceneDelegate.swift in Sources */,
			);
			runOnlyForDeploymentPostprocessing = 0;
		};
/* End PBXSourcesBuildPhase section */

/* Begin PBXVariantGroup section */
		C51EBC4D26CB4C630011E8B5 /* Main.storyboard */ = {
			isa = PBXVariantGroup;
			children = (
				C51EBC4E26CB4C630011E8B5 /* Base */,
			);
			name = Main.storyboard;
			sourceTree = "<group>";
		};
		C51EBC5226CB4C670011E8B5 /* LaunchScreen.storyboard */ = {
			isa = PBXVariantGroup;
			children = (
				C51EBC5326CB4C670011E8B5 /* Base */,
			);
			name = LaunchScreen.storyboard;
			sourceTree = "<group>";
		};
/* End PBXVariantGroup section */

/* Begin XCBuildConfiguration section */
		C51EBC5626CB4C670011E8B5 /* Debug */ = {
			isa = XCBuildConfiguration;
			buildSettings = {
				ALWAYS_SEARCH_USER_PATHS = NO;
				CLANG_ANALYZER_NONNULL = YES;
				CLANG_ANALYZER_NUMBER_OBJECT_CONVERSION = YES_AGGRESSIVE;
				CLANG_CXX_LANGUAGE_STANDARD = "gnu++14";
				CLANG_CXX_LIBRARY = "libc++";
				CLANG_ENABLE_MODULES = YES;
				CLANG_ENABLE_OBJC_ARC = YES;
				CLANG_ENABLE_OBJC_WEAK = YES;
				CLANG_WARN_BLOCK_CAPTURE_AUTORELEASING = YES;
				CLANG_WARN_BOOL_CONVERSION = YES;
				CLANG_WARN_COMMA = YES;
				CLANG_WARN_CONSTANT_CONVERSION = YES;
				CLANG_WARN_DEPRECATED_OBJC_IMPLEMENTATIONS = YES;
				CLANG_WARN_DIRECT_OBJC_ISA_USAGE = YES_ERROR;
				CLANG_WARN_DOCUMENTATION_COMMENTS = YES;
				CLANG_WARN_EMPTY_BODY = YES;
				CLANG_WARN_ENUM_CONVERSION = YES;
				CLANG_WARN_INFINITE_RECURSION = YES;
				CLANG_WARN_INT_CONVERSION = YES;
				CLANG_WARN_NON_LITERAL_NULL_CONVERSION = YES;
				CLANG_WARN_OBJC_IMPLICIT_RETAIN_SELF = YES;
				CLANG_WARN_OBJC_LITERAL_CONVERSION = YES;
				CLANG_WARN_OBJC_ROOT_CLASS = YES_ERROR;
				CLANG_WARN_QUOTED_INCLUDE_IN_FRAMEWORK_HEADER = YES;
				CLANG_WARN_RANGE_LOOP_ANALYSIS = YES;
				CLANG_WARN_STRICT_PROTOTYPES = YES;
				CLANG_WARN_SUSPICIOUS_MOVE = YES;
				CLANG_WARN_UNGUARDED_AVAILABILITY = YES_AGGRESSIVE;
				CLANG_WARN_UNREACHABLE_CODE = YES;
				CLANG_WARN__DUPLICATE_METHOD_MATCH = YES;
				COPY_PHASE_STRIP = NO;
				DEBUG_INFORMATION_FORMAT = dwarf;
				ENABLE_STRICT_OBJC_MSGSEND = YES;
				ENABLE_TESTABILITY = YES;
				GCC_C_LANGUAGE_STANDARD = gnu11;
				GCC_DYNAMIC_NO_PIC = NO;
				GCC_NO_COMMON_BLOCKS = YES;
				GCC_OPTIMIZATION_LEVEL = 0;
				GCC_PREPROCESSOR_DEFINITIONS = (
					"DEBUG=1",
					"$(inherited)",
				);
				GCC_WARN_64_TO_32_BIT_CONVERSION = YES;
				GCC_WARN_ABOUT_RETURN_TYPE = YES_ERROR;
				GCC_WARN_UNDECLARED_SELECTOR = YES;
				GCC_WARN_UNINITIALIZED_AUTOS = YES_AGGRESSIVE;
				GCC_WARN_UNUSED_FUNCTION = YES;
				GCC_WARN_UNUSED_VARIABLE = YES;
				IPHONEOS_DEPLOYMENT_TARGET = 14.5;
				MTL_ENABLE_DEBUG_INFO = INCLUDE_SOURCE;
				MTL_FAST_MATH = YES;
				ONLY_ACTIVE_ARCH = YES;
				SDKROOT = iphoneos;
				SWIFT_ACTIVE_COMPILATION_CONDITIONS = DEBUG;
				SWIFT_OPTIMIZATION_LEVEL = "-Onone";
			};
			name = Debug;
		};
		C51EBC5726CB4C670011E8B5 /* Release */ = {
			isa = XCBuildConfiguration;
			buildSettings = {
				ALWAYS_SEARCH_USER_PATHS = NO;
				CLANG_ANALYZER_NONNULL = YES;
				CLANG_ANALYZER_NUMBER_OBJECT_CONVERSION = YES_AGGRESSIVE;
				CLANG_CXX_LANGUAGE_STANDARD = "gnu++14";
				CLANG_CXX_LIBRARY = "libc++";
				CLANG_ENABLE_MODULES = YES;
				CLANG_ENABLE_OBJC_ARC = YES;
				CLANG_ENABLE_OBJC_WEAK = YES;
				CLANG_WARN_BLOCK_CAPTURE_AUTORELEASING = YES;
				CLANG_WARN_BOOL_CONVERSION = YES;
				CLANG_WARN_COMMA = YES;
				CLANG_WARN_CONSTANT_CONVERSION = YES;
				CLANG_WARN_DEPRECATED_OBJC_IMPLEMENTATIONS = YES;
				CLANG_WARN_DIRECT_OBJC_ISA_USAGE = YES_ERROR;
				CLANG_WARN_DOCUMENTATION_COMMENTS = YES;
				CLANG_WARN_EMPTY_BODY = YES;
				CLANG_WARN_ENUM_CONVERSION = YES;
				CLANG_WARN_INFINITE_RECURSION = YES;
				CLANG_WARN_INT_CONVERSION = YES;
				CLANG_WARN_NON_LITERAL_NULL_CONVERSION = YES;
				CLANG_WARN_OBJC_IMPLICIT_RETAIN_SELF = YES;
				CLANG_WARN_OBJC_LITERAL_CONVERSION = YES;
				CLANG_WARN_OBJC_ROOT_CLASS = YES_ERROR;
				CLANG_WARN_QUOTED_INCLUDE_IN_FRAMEWORK_HEADER = YES;
				CLANG_WARN_RANGE_LOOP_ANALYSIS = YES;
				CLANG_WARN_STRICT_PROTOTYPES = YES;
				CLANG_WARN_SUSPICIOUS_MOVE = YES;
				CLANG_WARN_UNGUARDED_AVAILABILITY = YES_AGGRESSIVE;
				CLANG_WARN_UNREACHABLE_CODE = YES;
				CLANG_WARN__DUPLICATE_METHOD_MATCH = YES;
				COPY_PHASE_STRIP = NO;
				DEBUG_INFORMATION_FORMAT = "dwarf-with-dsym";
				ENABLE_NS_ASSERTIONS = NO;
				ENABLE_STRICT_OBJC_MSGSEND = YES;
				GCC_C_LANGUAGE_STANDARD = gnu11;
				GCC_NO_COMMON_BLOCKS = YES;
				GCC_WARN_64_TO_32_BIT_CONVERSION = YES;
				GCC_WARN_ABOUT_RETURN_TYPE = YES_ERROR;
				GCC_WARN_UNDECLARED_SELECTOR = YES;
				GCC_WARN_UNINITIALIZED_AUTOS = YES_AGGRESSIVE;
				GCC_WARN_UNUSED_FUNCTION = YES;
				GCC_WARN_UNUSED_VARIABLE = YES;
				IPHONEOS_DEPLOYMENT_TARGET = 14.5;
				MTL_ENABLE_DEBUG_INFO = NO;
				MTL_FAST_MATH = YES;
				SDKROOT = iphoneos;
				SWIFT_COMPILATION_MODE = wholemodule;
				SWIFT_OPTIMIZATION_LEVEL = "-O";
				VALIDATE_PRODUCT = YES;
			};
			name = Release;
		};
		C51EBC5926CB4C670011E8B5 /* Debug */ = {
			isa = XCBuildConfiguration;
			buildSettings = {
				ASSETCATALOG_COMPILER_APPICON_NAME = AppIcon;
				ASSETCATALOG_COMPILER_GLOBAL_ACCENT_COLOR_NAME = AccentColor;
				CODE_SIGN_STYLE = Automatic;
				DEVELOPMENT_TEAM = XDC2MPU893;
				INFOPLIST_FILE = "/Users/Bharat_Kumar/Documents/iOS FetchRewards/FetchRewardsiOSExercise/FreeMeals/FreeMeals/Resources/Info.plist";
				LD_RUNPATH_SEARCH_PATHS = (
					"$(inherited)",
					"@executable_path/Frameworks",
				);
				PRODUCT_BUNDLE_IDENTIFIER = Bharat.FreeMeals;
				PRODUCT_NAME = "$(TARGET_NAME)";
				SWIFT_VERSION = 5.0;
				TARGETED_DEVICE_FAMILY = "1,2";
			};
			name = Debug;
		};
		C51EBC5A26CB4C670011E8B5 /* Release */ = {
			isa = XCBuildConfiguration;
			buildSettings = {
				ASSETCATALOG_COMPILER_APPICON_NAME = AppIcon;
				ASSETCATALOG_COMPILER_GLOBAL_ACCENT_COLOR_NAME = AccentColor;
				CODE_SIGN_STYLE = Automatic;
				DEVELOPMENT_TEAM = XDC2MPU893;
				INFOPLIST_FILE = "/Users/Bharat_Kumar/Documents/iOS FetchRewards/FetchRewardsiOSExercise/FreeMeals/FreeMeals/Resources/Info.plist";
				LD_RUNPATH_SEARCH_PATHS = (
					"$(inherited)",
					"@executable_path/Frameworks",
				);
				PRODUCT_BUNDLE_IDENTIFIER = Bharat.FreeMeals;
				PRODUCT_NAME = "$(TARGET_NAME)";
				SWIFT_VERSION = 5.0;
				TARGETED_DEVICE_FAMILY = "1,2";
			};
			name = Release;
		};
/* End XCBuildConfiguration section */

/* Begin XCConfigurationList section */
		C51EBC3F26CB4C630011E8B5 /* Build configuration list for PBXProject "FreeMeals" */ = {
			isa = XCConfigurationList;
			buildConfigurations = (
				C51EBC5626CB4C670011E8B5 /* Debug */,
				C51EBC5726CB4C670011E8B5 /* Release */,
			);
			defaultConfigurationIsVisible = 0;
			defaultConfigurationName = Release;
		};
		C51EBC5826CB4C670011E8B5 /* Build configuration list for PBXNativeTarget "FreeMeals" */ = {
			isa = XCConfigurationList;
			buildConfigurations = (
				C51EBC5926CB4C670011E8B5 /* Debug */,
				C51EBC5A26CB4C670011E8B5 /* Release */,
			);
			defaultConfigurationIsVisible = 0;
			defaultConfigurationName = Release;
		};
/* End XCConfigurationList section */

/* Begin XCVersionGroup section */
		C51EBC6626CB56340011E8B5 /* FreeMeals.xcdatamodeld */ = {
			isa = XCVersionGroup;
			children = (
				C51EBC6726CB56340011E8B5 /* FreeMeals.xcdatamodel */,
			);
			currentVersion = C51EBC6726CB56340011E8B5 /* FreeMeals.xcdatamodel */;
			path = FreeMeals.xcdatamodeld;
			sourceTree = "<group>";
			versionGroupType = wrapper.xcdatamodel;
		};
/* End XCVersionGroup section */
	};
	rootObject = C51EBC3C26CB4C630011E8B5 /* Project object */;
}
